// !$*UTF8*$!
{
	archiveVersion = 1;
	classes = {
	};
	objectVersion = 50;
	objects = {

/* Begin PBXBuildFile section */
		D13781F121B7223A007A78B5 /* addingTableTests.swift in Sources */ = {isa = PBXBuildFile; fileRef = D13781F021B7223A007A78B5 /* addingTableTests.swift */; };
		D14FD86C21A485D000B7F901 /* ItemList.swift in Sources */ = {isa = PBXBuildFile; fileRef = D14FD86B21A485D000B7F901 /* ItemList.swift */; };
		D152DC8D219DBD1D00A58299 /* AppDelegate.swift in Sources */ = {isa = PBXBuildFile; fileRef = D152DC8C219DBD1D00A58299 /* AppDelegate.swift */; };
		D152DC8F219DBD1D00A58299 /* ViewController.swift in Sources */ = {isa = PBXBuildFile; fileRef = D152DC8E219DBD1D00A58299 /* ViewController.swift */; };
		D152DC92219DBD1D00A58299 /* Main.storyboard in Resources */ = {isa = PBXBuildFile; fileRef = D152DC90219DBD1D00A58299 /* Main.storyboard */; };
		D152DC95219DBD1D00A58299 /* addingTable.xcdatamodeld in Sources */ = {isa = PBXBuildFile; fileRef = D152DC93219DBD1D00A58299 /* addingTable.xcdatamodeld */; };
		D152DC9A219DBD1E00A58299 /* LaunchScreen.storyboard in Resources */ = {isa = PBXBuildFile; fileRef = D152DC98219DBD1E00A58299 /* LaunchScreen.storyboard */; };
		D152DCA2219DCF0E00A58299 /* AddItemVC.swift in Sources */ = {isa = PBXBuildFile; fileRef = D152DCA1219DCF0E00A58299 /* AddItemVC.swift */; };
		D163933021AFF0E8002FEB24 /* MyVariable.swift in Sources */ = {isa = PBXBuildFile; fileRef = D163932F21AFF0E8002FEB24 /* MyVariable.swift */; };
		D17F4C5C219F7C6A00E79FF6 /* OverboardVC.swift in Sources */ = {isa = PBXBuildFile; fileRef = D17F4C5B219F7C6A00E79FF6 /* OverboardVC.swift */; };
		D17F4C5E219F7DF400E79FF6 /* MainVC.swift in Sources */ = {isa = PBXBuildFile; fileRef = D17F4C5D219F7DF400E79FF6 /* MainVC.swift */; };
		D17F4C60219F885500E79FF6 /* UIView+Extension.swift in Sources */ = {isa = PBXBuildFile; fileRef = D17F4C5F219F885500E79FF6 /* UIView+Extension.swift */; };
		D17F4C62219F8A9700E79FF6 /* Constants.swift in Sources */ = {isa = PBXBuildFile; fileRef = D17F4C61219F8A9700E79FF6 /* Constants.swift */; };
		D1D2822321A49E6C008F16A9 /* QUIZ.swift in Sources */ = {isa = PBXBuildFile; fileRef = D1D2822221A49E6C008F16A9 /* QUIZ.swift */; };
/* End PBXBuildFile section */

/* Begin PBXContainerItemProxy section */
		D13781F321B7223A007A78B5 /* PBXContainerItemProxy */ = {
			isa = PBXContainerItemProxy;
			containerPortal = D152DC81219DBD1D00A58299 /* Project object */;
			proxyType = 1;
			remoteGlobalIDString = D152DC88219DBD1D00A58299;
			remoteInfo = addingTable;
		};
/* End PBXContainerItemProxy section */

/* Begin PBXFileReference section */
		D13781EE21B7223A007A78B5 /* addingTableTests.xctest */ = {isa = PBXFileReference; explicitFileType = wrapper.cfbundle; includeInIndex = 0; path = addingTableTests.xctest; sourceTree = BUILT_PRODUCTS_DIR; };
		D13781F021B7223A007A78B5 /* addingTableTests.swift */ = {isa = PBXFileReference; lastKnownFileType = sourcecode.swift; path = addingTableTests.swift; sourceTree = "<group>"; };
		D13781F221B7223A007A78B5 /* Info.plist */ = {isa = PBXFileReference; lastKnownFileType = text.plist.xml; path = Info.plist; sourceTree = "<group>"; };
		D14FD86B21A485D000B7F901 /* ItemList.swift */ = {isa = PBXFileReference; lastKnownFileType = sourcecode.swift; path = ItemList.swift; sourceTree = "<group>"; };
		D152DC89219DBD1D00A58299 /* addingTable.app */ = {isa = PBXFileReference; explicitFileType = wrapper.application; includeInIndex = 0; path = addingTable.app; sourceTree = BUILT_PRODUCTS_DIR; };
		D152DC8C219DBD1D00A58299 /* AppDelegate.swift */ = {isa = PBXFileReference; lastKnownFileType = sourcecode.swift; path = AppDelegate.swift; sourceTree = "<group>"; };
		D152DC8E219DBD1D00A58299 /* ViewController.swift */ = {isa = PBXFileReference; lastKnownFileType = sourcecode.swift; path = ViewController.swift; sourceTree = "<group>"; };
		D152DC91219DBD1D00A58299 /* Base */ = {isa = PBXFileReference; lastKnownFileType = file.storyboard; name = Base; path = Base.lproj/Main.storyboard; sourceTree = "<group>"; };
		D152DC94219DBD1D00A58299 /* addingTable.xcdatamodel */ = {isa = PBXFileReference; lastKnownFileType = wrapper.xcdatamodel; path = addingTable.xcdatamodel; sourceTree = "<group>"; };
		D152DC99219DBD1E00A58299 /* Base */ = {isa = PBXFileReference; lastKnownFileType = file.storyboard; name = Base; path = Base.lproj/LaunchScreen.storyboard; sourceTree = "<group>"; };
		D152DC9B219DBD1E00A58299 /* Info.plist */ = {isa = PBXFileReference; lastKnownFileType = text.plist.xml; path = Info.plist; sourceTree = "<group>"; };
		D152DCA1219DCF0E00A58299 /* AddItemVC.swift */ = {isa = PBXFileReference; lastKnownFileType = sourcecode.swift; path = AddItemVC.swift; sourceTree = "<group>"; };
		D163932F21AFF0E8002FEB24 /* MyVariable.swift */ = {isa = PBXFileReference; lastKnownFileType = sourcecode.swift; path = MyVariable.swift; sourceTree = "<group>"; };
		D17F4C5B219F7C6A00E79FF6 /* OverboardVC.swift */ = {isa = PBXFileReference; lastKnownFileType = sourcecode.swift; path = OverboardVC.swift; sourceTree = "<group>"; };
		D17F4C5D219F7DF400E79FF6 /* MainVC.swift */ = {isa = PBXFileReference; lastKnownFileType = sourcecode.swift; path = MainVC.swift; sourceTree = "<group>"; };
		D17F4C5F219F885500E79FF6 /* UIView+Extension.swift */ = {isa = PBXFileReference; lastKnownFileType = sourcecode.swift; path = "UIView+Extension.swift"; sourceTree = "<group>"; };
		D17F4C61219F8A9700E79FF6 /* Constants.swift */ = {isa = PBXFileReference; lastKnownFileType = sourcecode.swift; path = Constants.swift; sourceTree = "<group>"; };
		D1D2822221A49E6C008F16A9 /* QUIZ.swift */ = {isa = PBXFileReference; lastKnownFileType = sourcecode.swift; path = QUIZ.swift; sourceTree = "<group>"; };
/* End PBXFileReference section */

/* Begin PBXFrameworksBuildPhase section */
		D13781EB21B7223A007A78B5 /* Frameworks */ = {
			isa = PBXFrameworksBuildPhase;
			buildActionMask = 2147483647;
			files = (
			);
			runOnlyForDeploymentPostprocessing = 0;
		};
		D152DC86219DBD1D00A58299 /* Frameworks */ = {
			isa = PBXFrameworksBuildPhase;
			buildActionMask = 2147483647;
			files = (
			);
			runOnlyForDeploymentPostprocessing = 0;
		};
/* End PBXFrameworksBuildPhase section */

/* Begin PBXGroup section */
		D13781EF21B7223A007A78B5 /* addingTableTests */ = {
			isa = PBXGroup;
			children = (
				D13781F021B7223A007A78B5 /* addingTableTests.swift */,
				D13781F221B7223A007A78B5 /* Info.plist */,
			);
			path = addingTableTests;
			sourceTree = "<group>";
		};
		D152DC80219DBD1D00A58299 = {
			isa = PBXGroup;
			children = (
				D152DC8B219DBD1D00A58299 /* addingTable */,
				D13781EF21B7223A007A78B5 /* addingTableTests */,
				D152DC8A219DBD1D00A58299 /* Products */,
			);
			sourceTree = "<group>";
		};
		D152DC8A219DBD1D00A58299 /* Products */ = {
			isa = PBXGroup;
			children = (
				D152DC89219DBD1D00A58299 /* addingTable.app */,
				D13781EE21B7223A007A78B5 /* addingTableTests.xctest */,
			);
			name = Products;
			sourceTree = "<group>";
		};
		D152DC8B219DBD1D00A58299 /* addingTable */ = {
			isa = PBXGroup;
			children = (
				D152DC8C219DBD1D00A58299 /* AppDelegate.swift */,
				D152DC8E219DBD1D00A58299 /* ViewController.swift */,
				D14FD86B21A485D000B7F901 /* ItemList.swift */,
				D152DC90219DBD1D00A58299 /* Main.storyboard */,
				D1D2822221A49E6C008F16A9 /* QUIZ.swift */,
				D17F4C5F219F885500E79FF6 /* UIView+Extension.swift */,
				D17F4C5D219F7DF400E79FF6 /* MainVC.swift */,
				D17F4C5B219F7C6A00E79FF6 /* OverboardVC.swift */,
				D163932F21AFF0E8002FEB24 /* MyVariable.swift */,
				D17F4C61219F8A9700E79FF6 /* Constants.swift */,
				D152DCA1219DCF0E00A58299 /* AddItemVC.swift */,
				D152DC98219DBD1E00A58299 /* LaunchScreen.storyboard */,
				D152DC9B219DBD1E00A58299 /* Info.plist */,
				D152DC93219DBD1D00A58299 /* addingTable.xcdatamodeld */,
			);
			path = addingTable;
			sourceTree = "<group>";
		};
/* End PBXGroup section */

/* Begin PBXNativeTarget section */
		D13781ED21B7223A007A78B5 /* addingTableTests */ = {
			isa = PBXNativeTarget;
			buildConfigurationList = D13781F721B7223A007A78B5 /* Build configuration list for PBXNativeTarget "addingTableTests" */;
			buildPhases = (
				D13781EA21B7223A007A78B5 /* Sources */,
				D13781EB21B7223A007A78B5 /* Frameworks */,
				D13781EC21B7223A007A78B5 /* Resources */,
			);
			buildRules = (
			);
			dependencies = (
				D13781F421B7223A007A78B5 /* PBXTargetDependency */,
			);
			name = addingTableTests;
			productName = addingTableTests;
			productReference = D13781EE21B7223A007A78B5 /* addingTableTests.xctest */;
			productType = "com.apple.product-type.bundle.unit-test";
		};
		D152DC88219DBD1D00A58299 /* addingTable */ = {
			isa = PBXNativeTarget;
			buildConfigurationList = D152DC9E219DBD1E00A58299 /* Build configuration list for PBXNativeTarget "addingTable" */;
			buildPhases = (
				D152DC85219DBD1D00A58299 /* Sources */,
				D152DC86219DBD1D00A58299 /* Frameworks */,
				D152DC87219DBD1D00A58299 /* Resources */,
			);
			buildRules = (
			);
			dependencies = (
			);
			name = addingTable;
			productName = addingTable;
			productReference = D152DC89219DBD1D00A58299 /* addingTable.app */;
			productType = "com.apple.product-type.application";
		};
/* End PBXNativeTarget section */

/* Begin PBXProject section */
		D152DC81219DBD1D00A58299 /* Project object */ = {
			isa = PBXProject;
			attributes = {
				LastSwiftUpdateCheck = 1010;
				LastUpgradeCheck = 1010;
				ORGANIZATIONNAME = "Piotr Suchozebrski";
				TargetAttributes = {
					D13781ED21B7223A007A78B5 = {
						CreatedOnToolsVersion = 10.1;
						TestTargetID = D152DC88219DBD1D00A58299;
					};
					D152DC88219DBD1D00A58299 = {
						CreatedOnToolsVersion = 10.1;
					};
				};
			};
			buildConfigurationList = D152DC84219DBD1D00A58299 /* Build configuration list for PBXProject "addingTable" */;
			compatibilityVersion = "Xcode 9.3";
			developmentRegion = en;
			hasScannedForEncodings = 0;
			knownRegions = (
				en,
				Base,
			);
			mainGroup = D152DC80219DBD1D00A58299;
			productRefGroup = D152DC8A219DBD1D00A58299 /* Products */;
			projectDirPath = "";
			projectRoot = "";
			targets = (
				D152DC88219DBD1D00A58299 /* addingTable */,
				D13781ED21B7223A007A78B5 /* addingTableTests */,
			);
		};
/* End PBXProject section */

/* Begin PBXResourcesBuildPhase section */
		D13781EC21B7223A007A78B5 /* Resources */ = {
			isa = PBXResourcesBuildPhase;
			buildActionMask = 2147483647;
			files = (
			);
			runOnlyForDeploymentPostprocessing = 0;
		};
		D152DC87219DBD1D00A58299 /* Resources */ = {
			isa = PBXResourcesBuildPhase;
			buildActionMask = 2147483647;
			files = (
				D152DC9A219DBD1E00A58299 /* LaunchScreen.storyboard in Resources */,
				D152DC92219DBD1D00A58299 /* Main.storyboard in Resources */,
			);
			runOnlyForDeploymentPostprocessing = 0;
		};
/* End PBXResourcesBuildPhase section */

/* Begin PBXSourcesBuildPhase section */
		D13781EA21B7223A007A78B5 /* Sources */ = {
			isa = PBXSourcesBuildPhase;
			buildActionMask = 2147483647;
			files = (
				D13781F121B7223A007A78B5 /* addingTableTests.swift in Sources */,
			);
			runOnlyForDeploymentPostprocessing = 0;
		};
		D152DC85219DBD1D00A58299 /* Sources */ = {
			isa = PBXSourcesBuildPhase;
			buildActionMask = 2147483647;
			files = (
				D163933021AFF0E8002FEB24 /* MyVariable.swift in Sources */,
				D152DC8F219DBD1D00A58299 /* ViewController.swift in Sources */,
				D17F4C5E219F7DF400E79FF6 /* MainVC.swift in Sources */,
				D1D2822321A49E6C008F16A9 /* QUIZ.swift in Sources */,
				D17F4C60219F885500E79FF6 /* UIView+Extension.swift in Sources */,
				D152DC8D219DBD1D00A58299 /* AppDelegate.swift in Sources */,
				D17F4C5C219F7C6A00E79FF6 /* OverboardVC.swift in Sources */,
				D14FD86C21A485D000B7F901 /* ItemList.swift in Sources */,
				D152DC95219DBD1D00A58299 /* addingTable.xcdatamodeld in Sources */,
				D152DCA2219DCF0E00A58299 /* AddItemVC.swift in Sources */,
				D17F4C62219F8A9700E79FF6 /* Constants.swift in Sources */,
			);
			runOnlyForDeploymentPostprocessing = 0;
		};
/* End PBXSourcesBuildPhase section */

/* Begin PBXTargetDependency section */
		D13781F421B7223A007A78B5 /* PBXTargetDependency */ = {
			isa = PBXTargetDependency;
			target = D152DC88219DBD1D00A58299 /* addingTable */;
			targetProxy = D13781F321B7223A007A78B5 /* PBXContainerItemProxy */;
		};
/* End PBXTargetDependency section */

/* Begin PBXVariantGroup section */
		D152DC90219DBD1D00A58299 /* Main.storyboard */ = {
			isa = PBXVariantGroup;
			children = (
				D152DC91219DBD1D00A58299 /* Base */,
			);
			name = Main.storyboard;
			sourceTree = "<group>";
		};
		D152DC98219DBD1E00A58299 /* LaunchScreen.storyboard */ = {
			isa = PBXVariantGroup;
			children = (
				D152DC99219DBD1E00A58299 /* Base */,
			);
			name = LaunchScreen.storyboard;
			sourceTree = "<group>";
		};
/* End PBXVariantGroup section */

/* Begin XCBuildConfiguration section */
		D13781F521B7223A007A78B5 /* Debug */ = {
			isa = XCBuildConfiguration;
			buildSettings = {
				BUNDLE_LOADER = "$(TEST_HOST)";
				CODE_SIGN_STYLE = Automatic;
				INFOPLIST_FILE = addingTableTests/Info.plist;
				LD_RUNPATH_SEARCH_PATHS = (
					"$(inherited)",
					"@executable_path/Frameworks",
					"@loader_path/Frameworks",
				);
				PRODUCT_BUNDLE_IDENTIFIER = aberUni.addingTableTests;
				PRODUCT_NAME = "$(TARGET_NAME)";
				SWIFT_VERSION = 4.2;
				TARGETED_DEVICE_FAMILY = "1,2";
				TEST_HOST = "$(BUILT_PRODUCTS_DIR)/addingTable.app/addingTable";
			};
			name = Debug;
		};
		D13781F621B7223A007A78B5 /* Release */ = {
			isa = XCBuildConfiguration;
			buildSettings = {
				BUNDLE_LOADER = "$(TEST_HOST)";
				CODE_SIGN_STYLE = Automatic;
				INFOPLIST_FILE = addingTableTests/Info.plist;
				LD_RUNPATH_SEARCH_PATHS = (
					"$(inherited)",
					"@executable_path/Frameworks",
					"@loader_path/Frameworks",
				);
				PRODUCT_BUNDLE_IDENTIFIER = aberUni.addingTableTests;
				PRODUCT_NAME = "$(TARGET_NAME)";
				SWIFT_VERSION = 4.2;
				TARGETED_DEVICE_FAMILY = "1,2";
				TEST_HOST = "$(BUILT_PRODUCTS_DIR)/addingTable.app/addingTable";
			};
			name = Release;
		};
		D152DC9C219DBD1E00A58299 /* Debug */ = {
			isa = XCBuildConfiguration;
			buildSettings = {
				ALWAYS_SEARCH_USER_PATHS = NO;
				CLANG_ANALYZER_NONNULL = YES;
				CLANG_ANALYZER_NUMBER_OBJECT_CONVERSION = YES_AGGRESSIVE;
				CLANG_CXX_LANGUAGE_STANDARD = "gnu++14";
				CLANG_CXX_LIBRARY = "libc++";
				CLANG_ENABLE_MODULES = YES;
				CLANG_ENABLE_OBJC_ARC = YES;
				CLANG_ENABLE_OBJC_WEAK = YES;
				CLANG_WARN_BLOCK_CAPTURE_AUTORELEASING = YES;
				CLANG_WARN_BOOL_CONVERSION = YES;
				CLANG_WARN_COMMA = YES;
				CLANG_WARN_CONSTANT_CONVERSION = YES;
				CLANG_WARN_DEPRECATED_OBJC_IMPLEMENTATIONS = YES;
				CLANG_WARN_DIRECT_OBJC_ISA_USAGE = YES_ERROR;
				CLANG_WARN_DOCUMENTATION_COMMENTS = YES;
				CLANG_WARN_EMPTY_BODY = YES;
				CLANG_WARN_ENUM_CONVERSION = YES;
				CLANG_WARN_INFINITE_RECURSION = YES;
				CLANG_WARN_INT_CONVERSION = YES;
				CLANG_WARN_NON_LITERAL_NULL_CONVERSION = YES;
				CLANG_WARN_OBJC_IMPLICIT_RETAIN_SELF = YES;
				CLANG_WARN_OBJC_LITERAL_CONVERSION = YES;
				CLANG_WARN_OBJC_ROOT_CLASS = YES_ERROR;
				CLANG_WARN_RANGE_LOOP_ANALYSIS = YES;
				CLANG_WARN_STRICT_PROTOTYPES = YES;
				CLANG_WARN_SUSPICIOUS_MOVE = YES;
				CLANG_WARN_UNGUARDED_AVAILABILITY = YES_AGGRESSIVE;
				CLANG_WARN_UNREACHABLE_CODE = YES;
				CLANG_WARN__DUPLICATE_METHOD_MATCH = YES;
				CODE_SIGN_IDENTITY = "iPhone Developer";
				COPY_PHASE_STRIP = NO;
				DEBUG_INFORMATION_FORMAT = dwarf;
				ENABLE_STRICT_OBJC_MSGSEND = YES;
				ENABLE_TESTABILITY = YES;
				GCC_C_LANGUAGE_STANDARD = gnu11;
				GCC_DYNAMIC_NO_PIC = NO;
				GCC_NO_COMMON_BLOCKS = YES;
				GCC_OPTIMIZATION_LEVEL = 0;
				GCC_PREPROCESSOR_DEFINITIONS = (
					"DEBUG=1",
					"$(inherited)",
				);
				GCC_WARN_64_TO_32_BIT_CONVERSION = YES;
				GCC_WARN_ABOUT_RETURN_TYPE = YES_ERROR;
				GCC_WARN_UNDECLARED_SELECTOR = YES;
				GCC_WARN_UNINITIALIZED_AUTOS = YES_AGGRESSIVE;
				GCC_WARN_UNUSED_FUNCTION = YES;
				GCC_WARN_UNUSED_VARIABLE = YES;
				IPHONEOS_DEPLOYMENT_TARGET = 12.1;
				MTL_ENABLE_DEBUG_INFO = INCLUDE_SOURCE;
				MTL_FAST_MATH = YES;
				ONLY_ACTIVE_ARCH = YES;
				SDKROOT = iphoneos;
				SWIFT_ACTIVE_COMPILATION_CONDITIONS = DEBUG;
				SWIFT_OPTIMIZATION_LEVEL = "-Onone";
			};
			name = Debug;
		};
		D152DC9D219DBD1E00A58299 /* Release */ = {
			isa = XCBuildConfiguration;
			buildSettings = {
				ALWAYS_SEARCH_USER_PATHS = NO;
				CLANG_ANALYZER_NONNULL = YES;
				CLANG_ANALYZER_NUMBER_OBJECT_CONVERSION = YES_AGGRESSIVE;
				CLANG_CXX_LANGUAGE_STANDARD = "gnu++14";
				CLANG_CXX_LIBRARY = "libc++";
				CLANG_ENABLE_MODULES = YES;
				CLANG_ENABLE_OBJC_ARC = YES;
				CLANG_ENABLE_OBJC_WEAK = YES;
				CLANG_WARN_BLOCK_CAPTURE_AUTORELEASING = YES;
				CLANG_WARN_BOOL_CONVERSION = YES;
				CLANG_WARN_COMMA = YES;
				CLANG_WARN_CONSTANT_CONVERSION = YES;
				CLANG_WARN_DEPRECATED_OBJC_IMPLEMENTATIONS = YES;
				CLANG_WARN_DIRECT_OBJC_ISA_USAGE = YES_ERROR;
				CLANG_WARN_DOCUMENTATION_COMMENTS = YES;
				CLANG_WARN_EMPTY_BODY = YES;
				CLANG_WARN_ENUM_CONVERSION = YES;
				CLANG_WARN_INFINITE_RECURSION = YES;
				CLANG_WARN_INT_CONVERSION = YES;
				CLANG_WARN_NON_LITERAL_NULL_CONVERSION = YES;
				CLANG_WARN_OBJC_IMPLICIT_RETAIN_SELF = YES;
				CLANG_WARN_OBJC_LITERAL_CONVERSION = YES;
				CLANG_WARN_OBJC_ROOT_CLASS = YES_ERROR;
				CLANG_WARN_RANGE_LOOP_ANALYSIS = YES;
				CLANG_WARN_STRICT_PROTOTYPES = YES;
				CLANG_WARN_SUSPICIOUS_MOVE = YES;
				CLANG_WARN_UNGUARDED_AVAILABILITY = YES_AGGRESSIVE;
				CLANG_WARN_UNREACHABLE_CODE = YES;
				CLANG_WARN__DUPLICATE_METHOD_MATCH = YES;
				CODE_SIGN_IDENTITY = "iPhone Developer";
				COPY_PHASE_STRIP = NO;
				DEBUG_INFORMATION_FORMAT = "dwarf-with-dsym";
				ENABLE_NS_ASSERTIONS = NO;
				ENABLE_STRICT_OBJC_MSGSEND = YES;
				GCC_C_LANGUAGE_STANDARD = gnu11;
				GCC_NO_COMMON_BLOCKS = YES;
				GCC_WARN_64_TO_32_BIT_CONVERSION = YES;
				GCC_WARN_ABOUT_RETURN_TYPE = YES_ERROR;
				GCC_WARN_UNDECLARED_SELECTOR = YES;
				GCC_WARN_UNINITIALIZED_AUTOS = YES_AGGRESSIVE;
				GCC_WARN_UNUSED_FUNCTION = YES;
				GCC_WARN_UNUSED_VARIABLE = YES;
				IPHONEOS_DEPLOYMENT_TARGET = 12.1;
				MTL_ENABLE_DEBUG_INFO = NO;
				MTL_FAST_MATH = YES;
				SDKROOT = iphoneos;
				SWIFT_COMPILATION_MODE = wholemodule;
				SWIFT_OPTIMIZATION_LEVEL = "-O";
				VALIDATE_PRODUCT = YES;
			};
			name = Release;
		};
		D152DC9F219DBD1E00A58299 /* Debug */ = {
			isa = XCBuildConfiguration;
			buildSettings = {
				ASSETCATALOG_COMPILER_APPICON_NAME = AppIcon;
				CODE_SIGN_STYLE = Automatic;
				INFOPLIST_FILE = addingTable/Info.plist;
				LD_RUNPATH_SEARCH_PATHS = (
					"$(inherited)",
					"@executable_path/Frameworks",
				);
				PRODUCT_BUNDLE_IDENTIFIER = aberUni.addingTable;
				PRODUCT_NAME = "$(TARGET_NAME)";
				SWIFT_VERSION = 4.2;
				TARGETED_DEVICE_FAMILY = "1,2";
			};
			name = Debug;
		};
		D152DCA0219DBD1E00A58299 /* Release */ = {
			isa = XCBuildConfiguration;
			buildSettings = {
				ASSETCATALOG_COMPILER_APPICON_NAME = AppIcon;
				CODE_SIGN_STYLE = Automatic;
				INFOPLIST_FILE = addingTable/Info.plist;
				LD_RUNPATH_SEARCH_PATHS = (
					"$(inherited)",
					"@executable_path/Frameworks",
				);
				PRODUCT_BUNDLE_IDENTIFIER = aberUni.addingTable;
				PRODUCT_NAME = "$(TARGET_NAME)";
				SWIFT_VERSION = 4.2;
				TARGETED_DEVICE_FAMILY = "1,2";
			};
			name = Release;
		};
/* End XCBuildConfiguration section */

/* Begin XCConfigurationList section */
		D13781F721B7223A007A78B5 /* Build configuration list for PBXNativeTarget "addingTableTests" */ = {
			isa = XCConfigurationList;
			buildConfigurations = (
				D13781F521B7223A007A78B5 /* Debug */,
				D13781F621B7223A007A78B5 /* Release */,
			);
			defaultConfigurationIsVisible = 0;
			defaultConfigurationName = Release;
		};
		D152DC84219DBD1D00A58299 /* Build configuration list for PBXProject "addingTable" */ = {
			isa = XCConfigurationList;
			buildConfigurations = (
				D152DC9C219DBD1E00A58299 /* Debug */,
				D152DC9D219DBD1E00A58299 /* Release */,
			);
			defaultConfigurationIsVisible = 0;
			defaultConfigurationName = Release;
		};
		D152DC9E219DBD1E00A58299 /* Build configuration list for PBXNativeTarget "addingTable" */ = {
			isa = XCConfigurationList;
			buildConfigurations = (
				D152DC9F219DBD1E00A58299 /* Debug */,
				D152DCA0219DBD1E00A58299 /* Release */,
			);
			defaultConfigurationIsVisible = 0;
			defaultConfigurationName = Release;
		};
/* End XCConfigurationList section */

/* Begin XCVersionGroup section */
		D152DC93219DBD1D00A58299 /* addingTable.xcdatamodeld */ = {
			isa = XCVersionGroup;
			children = (
				D152DC94219DBD1D00A58299 /* addingTable.xcdatamodel */,
			);
			currentVersion = D152DC94219DBD1D00A58299 /* addingTable.xcdatamodel */;
			path = addingTable.xcdatamodeld;
			sourceTree = "<group>";
			versionGroupType = wrapper.xcdatamodel;
		};
/* End XCVersionGroup section */
	};
	rootObject = D152DC81219DBD1D00A58299 /* Project object */;
}
